
Microsoft Visual Studio Solution File, Format Version 12.00
# Visual Studio Version 17
VisualStudioVersion = 17.0.31903.59
MinimumVisualStudioVersion = 10.0.40219.1
Project("{2150E333-8FDC-42A3-9474-1A3956D46DE8}") = "src", "src", "{827E0CD3-B72D-47B6-A68D-7590B98EB39B}"
EndProject
Project("{FAE04EC0-301F-11D3-BF4B-00C04F79EFBC}") = "AIHelpdesk.Api", "src\AIHelpdesk.Api\AIHelpdesk.Api.csproj", "{CF5F8A09-FC76-40C8-A6D9-385BDAC01B82}"
EndProject
Project("{FAE04EC0-301F-11D3-BF4B-00C04F79EFBC}") = "AIHelpdesk.Application", "src\AIHelpdesk.Application\AIHelpdesk.Application.csproj", "{FCDC3E4D-D67C-42C6-8DB1-E509630A1C47}"
EndProject
Project("{FAE04EC0-301F-11D3-BF4B-00C04F79EFBC}") = "AIHelpdesk.Domain", "src\AIHelpdesk.Domain\AIHelpdesk.Domain.csproj", "{E346E84A-0A74-497D-B82A-748D13A89410}"
EndProject
Project("{FAE04EC0-301F-11D3-BF4B-00C04F79EFBC}") = "AIHelpdesk.Infrastructure", "src\AIHelpdesk.Infrastructure\AIHelpdesk.Infrastructure.csproj", "{DBB6879B-0BA6-4F3C-9BE0-9E98E39AEE49}"
EndProject
Project("{FAE04EC0-301F-11D3-BF4B-00C04F79EFBC}") = "AIHelpdesk.Contracts", "src\AIHelpdesk.Contracts\AIHelpdesk.Contracts.csproj", "{86E35837-8EDB-4E90-A567-4C3F29994B8E}"
EndProject
Project("{2150E333-8FDC-42A3-9474-1A3956D46DE8}") = "tests", "tests", "{0AB3BF05-4346-4AA6-1389-037BE0695223}"
EndProject
Project("{FAE04EC0-301F-11D3-BF4B-00C04F79EFBC}") = "AIHelpdesk.Tests", "tests\AIHelpdesk.Tests\AIHelpdesk.Tests.csproj", "{F318F9FE-201E-41E6-88D0-41DF32172233}"
EndProject
Global
	GlobalSection(SolutionConfigurationPlatforms) = preSolution
		Debug|Any CPU = Debug|Any CPU
		Debug|x64 = Debug|x64
		Debug|x86 = Debug|x86
		Release|Any CPU = Release|Any CPU
		Release|x64 = Release|x64
		Release|x86 = Release|x86
	EndGlobalSection
	GlobalSection(ProjectConfigurationPlatforms) = postSolution
		{CF5F8A09-FC76-40C8-A6D9-385BDAC01B82}.Debug|Any CPU.ActiveCfg = Debug|Any CPU
		{CF5F8A09-FC76-40C8-A6D9-385BDAC01B82}.Debug|Any CPU.Build.0 = Debug|Any CPU
		{CF5F8A09-FC76-40C8-A6D9-385BDAC01B82}.Debug|x64.ActiveCfg = Debug|Any CPU
		{CF5F8A09-FC76-40C8-A6D9-385BDAC01B82}.Debug|x64.Build.0 = Debug|Any CPU
		{CF5F8A09-FC76-40C8-A6D9-385BDAC01B82}.Debug|x86.ActiveCfg = Debug|Any CPU
		{CF5F8A09-FC76-40C8-A6D9-385BDAC01B82}.Debug|x86.Build.0 = Debug|Any CPU
		{CF5F8A09-FC76-40C8-A6D9-385BDAC01B82}.Release|Any CPU.ActiveCfg = Release|Any CPU
		{CF5F8A09-FC76-40C8-A6D9-385BDAC01B82}.Release|Any CPU.Build.0 = Release|Any CPU
		{CF5F8A09-FC76-40C8-A6D9-385BDAC01B82}.Release|x64.ActiveCfg = Release|Any CPU
		{CF5F8A09-FC76-40C8-A6D9-385BDAC01B82}.Release|x64.Build.0 = Release|Any CPU
		{CF5F8A09-FC76-40C8-A6D9-385BDAC01B82}.Release|x86.ActiveCfg = Release|Any CPU
		{CF5F8A09-FC76-40C8-A6D9-385BDAC01B82}.Release|x86.Build.0 = Release|Any CPU
		{FCDC3E4D-D67C-42C6-8DB1-E509630A1C47}.Debug|Any CPU.ActiveCfg = Debug|Any CPU
		{FCDC3E4D-D67C-42C6-8DB1-E509630A1C47}.Debug|Any CPU.Build.0 = Debug|Any CPU
		{FCDC3E4D-D67C-42C6-8DB1-E509630A1C47}.Debug|x64.ActiveCfg = Debug|Any CPU
		{FCDC3E4D-D67C-42C6-8DB1-E509630A1C47}.Debug|x64.Build.0 = Debug|Any CPU
		{FCDC3E4D-D67C-42C6-8DB1-E509630A1C47}.Debug|x86.ActiveCfg = Debug|Any CPU
		{FCDC3E4D-D67C-42C6-8DB1-E509630A1C47}.Debug|x86.Build.0 = Debug|Any CPU
		{FCDC3E4D-D67C-42C6-8DB1-E509630A1C47}.Release|Any CPU.ActiveCfg = Release|Any CPU
		{FCDC3E4D-D67C-42C6-8DB1-E509630A1C47}.Release|Any CPU.Build.0 = Release|Any CPU
		{FCDC3E4D-D67C-42C6-8DB1-E509630A1C47}.Release|x64.ActiveCfg = Release|Any CPU
		{FCDC3E4D-D67C-42C6-8DB1-E509630A1C47}.Release|x64.Build.0 = Release|Any CPU
		{FCDC3E4D-D67C-42C6-8DB1-E509630A1C47}.Release|x86.ActiveCfg = Release|Any CPU
		{FCDC3E4D-D67C-42C6-8DB1-E509630A1C47}.Release|x86.Build.0 = Release|Any CPU
		{E346E84A-0A74-497D-B82A-748D13A89410}.Debug|Any CPU.ActiveCfg = Debug|Any CPU
		{E346E84A-0A74-497D-B82A-748D13A89410}.Debug|Any CPU.Build.0 = Debug|Any CPU
		{E346E84A-0A74-497D-B82A-748D13A89410}.Debug|x64.ActiveCfg = Debug|Any CPU
		{E346E84A-0A74-497D-B82A-748D13A89410}.Debug|x64.Build.0 = Debug|Any CPU
		{E346E84A-0A74-497D-B82A-748D13A89410}.Debug|x86.ActiveCfg = Debug|Any CPU
		{E346E84A-0A74-497D-B82A-748D13A89410}.Debug|x86.Build.0 = Debug|Any CPU
		{E346E84A-0A74-497D-B82A-748D13A89410}.Release|Any CPU.ActiveCfg = Release|Any CPU
		{E346E84A-0A74-497D-B82A-748D13A89410}.Release|Any CPU.Build.0 = Release|Any CPU
		{E346E84A-0A74-497D-B82A-748D13A89410}.Release|x64.ActiveCfg = Release|Any CPU
		{E346E84A-0A74-497D-B82A-748D13A89410}.Release|x64.Build.0 = Release|Any CPU
		{E346E84A-0A74-497D-B82A-748D13A89410}.Release|x86.ActiveCfg = Release|Any CPU
		{E346E84A-0A74-497D-B82A-748D13A89410}.Release|x86.Build.0 = Release|Any CPU
		{DBB6879B-0BA6-4F3C-9BE0-9E98E39AEE49}.Debug|Any CPU.ActiveCfg = Debug|Any CPU
		{DBB6879B-0BA6-4F3C-9BE0-9E98E39AEE49}.Debug|Any CPU.Build.0 = Debug|Any CPU
		{DBB6879B-0BA6-4F3C-9BE0-9E98E39AEE49}.Debug|x64.ActiveCfg = Debug|Any CPU
		{DBB6879B-0BA6-4F3C-9BE0-9E98E39AEE49}.Debug|x64.Build.0 = Debug|Any CPU
		{DBB6879B-0BA6-4F3C-9BE0-9E98E39AEE49}.Debug|x86.ActiveCfg = Debug|Any CPU
		{DBB6879B-0BA6-4F3C-9BE0-9E98E39AEE49}.Debug|x86.Build.0 = Debug|Any CPU
		{DBB6879B-0BA6-4F3C-9BE0-9E98E39AEE49}.Release|Any CPU.ActiveCfg = Release|Any CPU
		{DBB6879B-0BA6-4F3C-9BE0-9E98E39AEE49}.Release|Any CPU.Build.0 = Release|Any CPU
		{DBB6879B-0BA6-4F3C-9BE0-9E98E39AEE49}.Release|x64.ActiveCfg = Release|Any CPU
		{DBB6879B-0BA6-4F3C-9BE0-9E98E39AEE49}.Release|x64.Build.0 = Release|Any CPU
		{DBB6879B-0BA6-4F3C-9BE0-9E98E39AEE49}.Release|x86.ActiveCfg = Release|Any CPU
		{DBB6879B-0BA6-4F3C-9BE0-9E98E39AEE49}.Release|x86.Build.0 = Release|Any CPU
		{86E35837-8EDB-4E90-A567-4C3F29994B8E}.Debug|Any CPU.ActiveCfg = Debug|Any CPU
		{86E35837-8EDB-4E90-A567-4C3F29994B8E}.Debug|Any CPU.Build.0 = Debug|Any CPU
		{86E35837-8EDB-4E90-A567-4C3F29994B8E}.Debug|x64.ActiveCfg = Debug|Any CPU
		{86E35837-8EDB-4E90-A567-4C3F29994B8E}.Debug|x64.Build.0 = Debug|Any CPU
		{86E35837-8EDB-4E90-A567-4C3F29994B8E}.Debug|x86.ActiveCfg = Debug|Any CPU
		{86E35837-8EDB-4E90-A567-4C3F29994B8E}.Debug|x86.Build.0 = Debug|Any CPU
		{86E35837-8EDB-4E90-A567-4C3F29994B8E}.Release|Any CPU.ActiveCfg = Release|Any CPU
		{86E35837-8EDB-4E90-A567-4C3F29994B8E}.Release|Any CPU.Build.0 = Release|Any CPU
		{86E35837-8EDB-4E90-A567-4C3F29994B8E}.Release|x64.ActiveCfg = Release|Any CPU
		{86E35837-8EDB-4E90-A567-4C3F29994B8E}.Release|x64.Build.0 = Release|Any CPU
		{86E35837-8EDB-4E90-A567-4C3F29994B8E}.Release|x86.ActiveCfg = Release|Any CPU
		{86E35837-8EDB-4E90-A567-4C3F29994B8E}.Release|x86.Build.0 = Release|Any CPU
		{F318F9FE-201E-41E6-88D0-41DF32172233}.Debug|Any CPU.ActiveCfg = Debug|Any CPU
		{F318F9FE-201E-41E6-88D0-41DF32172233}.Debug|Any CPU.Build.0 = Debug|Any CPU
		{F318F9FE-201E-41E6-88D0-41DF32172233}.Debug|x64.ActiveCfg = Debug|Any CPU
		{F318F9FE-201E-41E6-88D0-41DF32172233}.Debug|x64.Build.0 = Debug|Any CPU
		{F318F9FE-201E-41E6-88D0-41DF32172233}.Debug|x86.ActiveCfg = Debug|Any CPU
		{F318F9FE-201E-41E6-88D0-41DF32172233}.Debug|x86.Build.0 = Debug|Any CPU
		{F318F9FE-201E-41E6-88D0-41DF32172233}.Release|Any CPU.ActiveCfg = Release|Any CPU
		{F318F9FE-201E-41E6-88D0-41DF32172233}.Release|Any CPU.Build.0 = Release|Any CPU
		{F318F9FE-201E-41E6-88D0-41DF32172233}.Release|x64.ActiveCfg = Release|Any CPU
		{F318F9FE-201E-41E6-88D0-41DF32172233}.Release|x64.Build.0 = Release|Any CPU
		{F318F9FE-201E-41E6-88D0-41DF32172233}.Release|x86.ActiveCfg = Release|Any CPU
		{F318F9FE-201E-41E6-88D0-41DF32172233}.Release|x86.Build.0 = Release|Any CPU
	EndGlobalSection
	GlobalSection(SolutionProperties) = preSolution
		HideSolutionNode = FALSE
	EndGlobalSection
	GlobalSection(NestedProjects) = preSolution
		{CF5F8A09-FC76-40C8-A6D9-385BDAC01B82} = {827E0CD3-B72D-47B6-A68D-7590B98EB39B}
		{FCDC3E4D-D67C-42C6-8DB1-E509630A1C47} = {827E0CD3-B72D-47B6-A68D-7590B98EB39B}
		{E346E84A-0A74-497D-B82A-748D13A89410} = {827E0CD3-B72D-47B6-A68D-7590B98EB39B}
		{DBB6879B-0BA6-4F3C-9BE0-9E98E39AEE49} = {827E0CD3-B72D-47B6-A68D-7590B98EB39B}
		{86E35837-8EDB-4E90-A567-4C3F29994B8E} = {827E0CD3-B72D-47B6-A68D-7590B98EB39B}
		{F318F9FE-201E-41E6-88D0-41DF32172233} = {0AB3BF05-4346-4AA6-1389-037BE0695223}
	EndGlobalSection
EndGlobal
